// !$*UTF8*$!
{
	archiveVersion = 1;
	classes = {
	};
	objectVersion = 70;
	objects = {

/* Begin PBXBuildFile section */
		2A268D528311467CABCEE40D /* AMSMB2 in Frameworks */ = {isa = PBXBuildFile; productRef = 89BC24E047C242778C35559E /* AMSMB2 */; };
		B1E4A7C20F5D4E8A93C61D07 /* AMSMB2 in Embed Frameworks */ = {isa = PBXBuildFile; productRef = 89BC24E047C242778C35559E /* AMSMB2 */; settings = {ATTRIBUTES = (CodeSignOnCopy, RemoveHeadersOnCopy, ); }; };
/* End PBXBuildFile section */

/* Begin PBXCopyFilesBuildPhase section */
		C3F81A6D42B94E77A5D0E219 /* Embed Frameworks */ = {
			isa = PBXCopyFilesBuildPhase;
			buildActionMask = 2147483647;
			dstPath = "";
			dstSubfolderSpec = 10;
			files = (
				B1E4A7C20F5D4E8A93C61D07 /* AMSMB2 in Embed Frameworks */,
			);
			name = "Embed Frameworks";
			runOnlyForDeploymentPostprocessing = 0;
		};
/* End PBXCopyFilesBuildPhase section */

/* Begin PBXFileReference section */
		3D60DDD44C3E427A8608935A /* ZeuzDNC.app */ = {isa = PBXFileReference; explicitFileType = wrapper.application; includeInIndex = 0; path = ZeuzDNC.app; sourceTree = BUILT_PRODUCTS_DIR; };
/* End PBXFileReference section */

/* Begin PBXFileSystemSynchronizedRootGroup section */
		501B10B2F2F54508A6E2AAC6 /* ZeuzDNC */ = {isa = PBXFileSystemSynchronizedRootGroup; explicitFileTypes = {}; explicitFolders = (); path = ZeuzDNC; sourceTree = "<group>"; };
/* End PBXFileSystemSynchronizedRootGroup section */

/* Begin PBXFrameworksBuildPhase section */
		A09A85C593594FEDA9EF5DEA /* Frameworks */ = {
			isa = PBXFrameworksBuildPhase;
			buildActionMask = 2147483647;
			files = (
				2A268D528311467CABCEE40D /* AMSMB2 in Frameworks */,
			);
			runOnlyForDeploymentPostprocessing = 0;
		};
/* End PBXFrameworksBuildPhase section */

/* Begin PBXGroup section */
		93D636D38C7949D3A3E86F75 /* Products */ = {
			isa = PBXGroup;
			children = (
				3D60DDD44C3E427A8608935A /* ZeuzDNC.app */,
			);
			name = Products;
			sourceTree = "<group>";
		};
		A07DB569684E4116911BBCD2 = {
			isa = PBXGroup;
			children = (
				501B10B2F2F54508A6E2AAC6 /* ZeuzDNC */,
				93D636D38C7949D3A3E86F75 /* Products */,
			);
			sourceTree = "<group>";
		};
/* End PBXGroup section */

/* Begin PBXNativeTarget section */
		EF60981C7F3A499A8D8B86CF /* ZeuzDNC */ = {
			isa = PBXNativeTarget;
			buildConfigurationList = 698DB119ED314EC7B94C8719 /* Build configuration list for PBXNativeTarget "ZeuzDNC" */;
			buildPhases = (
				C867D298909D4DF39500B4F0 /* Sources */,
				A09A85C593594FEDA9EF5DEA /* Frameworks */,
				C540854AB30642A5980938E1 /* Resources */,
				C3F81A6D42B94E77A5D0E219 /* Embed Frameworks */,
			);
			buildRules = (
			);
			dependencies = (
			);
			fileSystemSynchronizedGroups = (
				501B10B2F2F54508A6E2AAC6 /* ZeuzDNC */,
			);
			name = ZeuzDNC;
			packageProductDependencies = (
				89BC24E047C242778C35559E /* AMSMB2 */,
			);
			productName = ZeuzDNC;
			productReference = 3D60DDD44C3E427A8608935A /* ZeuzDNC.app */;
			productType = "com.apple.product-type.application";
		};
/* End PBXNativeTarget section */

/* Begin PBXProject section */
		BDBA762CCFF443B2A381B74E /* Project object */ = {
			isa = PBXProject;
			attributes = {
				BuildIndependentTargetsInParallel = 1;
				LastSwiftUpdateCheck = 2660;
				LastUpgradeCheck = 2660;
				TargetAttributes = {
					EF60981C7F3A499A8D8B86CF = {
						CreatedOnToolsVersion = 26.0;
					};
				};
			};
			buildConfigurationList = 542CA3D8F0924770A942ABC1 /* Build configuration list for PBXProject "ZeuzDNC" */;
			compatibilityVersion = "Xcode 16.0.Superseded.1";
			developmentRegion = es;
			hasScannedForEncodings = 0;
			knownRegions = (
				es,
				Base,
			);
			mainGroup = A07DB569684E4116911BBCD2;
			minimizedProjectReferenceProxies = 1;
			packageReferences = (
				7C0DBCFDC7B84D0DB8E710E6 /* XCRemoteSwiftPackageReference "AMSMB2" */,
			);
			productRefGroup = 93D636D38C7949D3A3E86F75 /* Products */;
			projectDirPath = "";
			projectRoot = "";
			targets = (
				EF60981C7F3A499A8D8B86CF /* ZeuzDNC */,
			);
		};
/* End PBXProject section */

/* Begin PBXResourcesBuildPhase section */
		C540854AB30642A5980938E1 /* Resources */ = {
			isa = PBXResourcesBuildPhase;
			buildActionMask = 2147483647;
			files = (
			);
			runOnlyForDeploymentPostprocessing = 0;
		};
/* End PBXResourcesBuildPhase section */

/* Begin PBXSourcesBuildPhase section */
		C867D298909D4DF39500B4F0 /* Sources */ = {
			isa = PBXSourcesBuildPhase;
			buildActionMask = 2147483647;
			files = (
			);
			runOnlyForDeploymentPostprocessing = 0;
		};
/* End PBXSourcesBuildPhase section */

/* Begin XCBuildConfiguration section */
		02DAC3FF6D5E4B5DA2BEB6A8 /* Debug */ = {
			isa = XCBuildConfiguration;
			buildSettings = {
				ASSETCATALOG_COMPILER_APPICON_NAME = AppIcon;
				ASSETCATALOG_COMPILER_GLOBAL_ACCENT_COLOR_NAME = AccentColor;
				CODE_SIGN_STYLE = Automatic;
				CURRENT_PROJECT_VERSION = 1;
				DEVELOPMENT_ASSET_PATHS = "";
				DEVELOPMENT_TEAM = 8FHG5QXFY2;
				ENABLE_PREVIEWS = YES;
				GENERATE_INFOPLIST_FILE = YES;
				INFOPLIST_FILE = "ZeuzDNC-Info.plist";
				INFOPLIST_KEY_CFBundleDisplayName = ZeuzDNC;
				LD_RUNPATH_SEARCH_PATHS = (
					"$(inherited)",
					"@executable_path/Frameworks",
				);
				MARKETING_VERSION = 1.0;
				PRODUCT_BUNDLE_IDENTIFIER = com.joseeduardoqr.zeuzdnc;
				PRODUCT_NAME = "$(TARGET_NAME)";
				SWIFT_EMIT_LOC_STRINGS = YES;
				SWIFT_VERSION = 6.0;
				TARGETED_DEVICE_FAMILY = "1,2";
			};
			name = Debug;
		};
		6637E50BCEF54DD395C25039 /* Release */ = {
			isa = XCBuildConfiguration;
			buildSettings = {
				ASSETCATALOG_COMPILER_APPICON_NAME = AppIcon;
				ASSETCATALOG_COMPILER_GLOBAL_ACCENT_COLOR_NAME = AccentColor;
				CODE_SIGN_STYLE = Automatic;
				CURRENT_PROJECT_VERSION = 1;
				DEVELOPMENT_ASSET_PATHS = "";
				DEVELOPMENT_TEAM = 8FHG5QXFY2;
				ENABLE_PREVIEWS = YES;
				GENERATE_INFOPLIST_FILE = YES;
				INFOPLIST_FILE = "ZeuzDNC-Info.plist";
				INFOPLIST_KEY_CFBundleDisplayName = ZeuzDNC;
				LD_RUNPATH_SEARCH_PATHS = (
					"$(inherited)",
					"@executable_path/Frameworks",
				);
				MARKETING_VERSION = 1.0;
				PRODUCT_BUNDLE_IDENTIFIER = com.joseeduardoqr.zeuzdnc;
				PRODUCT_NAME = "$(TARGET_NAME)";
				SWIFT_EMIT_LOC_STRINGS = YES;
				SWIFT_VERSION = 6.0;
				TARGETED_DEVICE_FAMILY = "1,2";
			};
			name = Release;
		};
		C518623A725949BF8EC80D92 /* Debug */ = {
			isa = XCBuildConfiguration;
			buildSettings = {
				ALWAYS_SEARCH_USER_PATHS = NO;
				ASSETCATALOG_COMPILER_GENERATE_SWIFT_ASSET_SYMBOL_EXTENSIONS = YES;
				CLANG_ANALYZER_NONNULL = YES;
				CLANG_ENABLE_MODULES = YES;
				CLANG_ENABLE_OBJC_ARC = YES;
				CLANG_WARN_DOCUMENTATION_COMMENTS = YES;
				COPY_PHASE_STRIP = NO;
				DEBUG_INFORMATION_FORMAT = dwarf;
				ENABLE_STRICT_OBJC_MSGSEND = YES;
				ENABLE_TESTABILITY = YES;
				GCC_C_LANGUAGE_STANDARD = gnu17;
				GCC_DYNAMIC_NO_PIC = NO;
				GCC_NO_COMMON_BLOCKS = YES;
				GCC_OPTIMIZATION_LEVEL = 0;
				GCC_PREPROCESSOR_DEFINITIONS = (
					"DEBUG=1",
					"$(inherited)",
				);
				IPHONEOS_DEPLOYMENT_TARGET = 26.0;
				LOCALIZATION_PREFERS_STRING_CATALOGS = YES;
				MTL_ENABLE_DEBUG_INFO = INCLUDE_SOURCE;
				MTL_FAST_MATH = YES;
				ONLY_ACTIVE_ARCH = YES;
				SDKROOT = iphoneos;
				SWIFT_ACTIVE_COMPILATION_CONDITIONS = "DEBUG $(inherited)";
				SWIFT_EMIT_LOC_STRINGS = YES;
				SWIFT_OPTIMIZATION_LEVEL = "-Onone";
			};
			name = Debug;
		};
		DC865FB442BB4328AA58D89D /* Release */ = {
			isa = XCBuildConfiguration;
			buildSettings = {
				ALWAYS_SEARCH_USER_PATHS = NO;
				ASSETCATALOG_COMPILER_GENERATE_SWIFT_ASSET_SYMBOL_EXTENSIONS = YES;
				CLANG_ANALYZER_NONNULL = YES;
				CLANG_ENABLE_MODULES = YES;
				CLANG_ENABLE_OBJC_ARC = YES;
				CLANG_WARN_DOCUMENTATION_COMMENTS = YES;
				COPY_PHASE_STRIP = NO;
				DEBUG_INFORMATION_FORMAT = "dwarf-with-dsym";
				ENABLE_NS_ASSERTIONS = NO;
				ENABLE_STRICT_OBJC_MSGSEND = YES;
				GCC_C_LANGUAGE_STANDARD = gnu17;
				GCC_NO_COMMON_BLOCKS = YES;
				IPHONEOS_DEPLOYMENT_TARGET = 26.0;
				LOCALIZATION_PREFERS_STRING_CATALOGS = YES;
				MTL_ENABLE_DEBUG_INFO = NO;
				MTL_FAST_MATH = YES;
				SDKROOT = iphoneos;
				SWIFT_COMPILATION_MODE = wholemodule;
				SWIFT_EMIT_LOC_STRINGS = YES;
				VALIDATE_PRODUCT = YES;
			};
			name = Release;
		};
/* End XCBuildConfiguration section */

/* Begin XCConfigurationList section */
		542CA3D8F0924770A942ABC1 /* Build configuration list for PBXProject "ZeuzDNC" */ = {
			isa = XCConfigurationList;
			buildConfigurations = (
				C518623A725949BF8EC80D92 /* Debug */,
				DC865FB442BB4328AA58D89D /* Release */,
			);
			defaultConfigurationIsVisible = 0;
			defaultConfigurationName = Release;
		};
		698DB119ED314EC7B94C8719 /* Build configuration list for PBXNativeTarget "ZeuzDNC" */ = {
			isa = XCConfigurationList;
			buildConfigurations = (
				02DAC3FF6D5E4B5DA2BEB6A8 /* Debug */,
				6637E50BCEF54DD395C25039 /* Release */,
			);
			defaultConfigurationIsVisible = 0;
			defaultConfigurationName = Release;
		};
/* End XCConfigurationList section */

/* Begin XCRemoteSwiftPackageReference section */
		7C0DBCFDC7B84D0DB8E710E6 /* XCRemoteSwiftPackageReference "AMSMB2" */ = {
			isa = XCRemoteSwiftPackageReference;
			repositoryURL = "https://github.com/amosavian/AMSMB2";
			requirement = {
				kind = upToNextMajorVersion;
				minimumVersion = 4.0.0;
			};
		};
/* End XCRemoteSwiftPackageReference section */

/* Begin XCSwiftPackageProductDependency section */
		89BC24E047C242778C35559E /* AMSMB2 */ = {
			isa = XCSwiftPackageProductDependency;
			package = 7C0DBCFDC7B84D0DB8E710E6 /* XCRemoteSwiftPackageReference "AMSMB2" */;
			productName = AMSMB2;
		};
/* End XCSwiftPackageProductDependency section */
	};
	rootObject = BDBA762CCFF443B2A381B74E /* Project object */;
}
